
Microsoft Visual Studio Solution File, Format Version 12.00
# Visual Studio Version 16
VisualStudioVersion = 16.0.28809.33
MinimumVisualStudioVersion = 10.0.40219.1
Project("{FAE04EC0-301F-11D3-BF4B-00C04F79EFBC}") = "TGC.Group", "TGC.Group\TGC.Group.csproj", "{6CB42457-A2B1-4472-846E-1AB760B3226B}"
EndProject
Project("{2150E333-8FDC-42A3-9474-1A3956D46DE8}") = "Solution Items", "Solution Items", "{D6508B93-DE67-48DC-9B15-14998C9C03E9}"
	ProjectSection(SolutionItems) = preProject
		.editorconfig = .editorconfig
	EndProjectSection
EndProject
Global
	GlobalSection(SolutionConfigurationPlatforms) = preSolution
		Debug|Any CPU = Debug|Any CPU
		Debug|x86 = Debug|x86
		Release|Any CPU = Release|Any CPU
		Release|x86 = Release|x86
	EndGlobalSection
	GlobalSection(ProjectConfigurationPlatforms) = postSolution
		{6CB42457-A2B1-4472-846E-1AB760B3226B}.Debug|Any CPU.ActiveCfg = Debug|Any CPU
		{6CB42457-A2B1-4472-846E-1AB760B3226B}.Debug|Any CPU.Build.0 = Debug|Any CPU
		{6CB42457-A2B1-4472-846E-1AB760B3226B}.Debug|x86.ActiveCfg = Debug|x86
		{6CB42457-A2B1-4472-846E-1AB760B3226B}.Debug|x86.Build.0 = Debug|x86
		{6CB42457-A2B1-4472-846E-1AB760B3226B}.Release|Any CPU.ActiveCfg = Release|Any CPU
		{6CB42457-A2B1-4472-846E-1AB760B3226B}.Release|Any CPU.Build.0 = Release|Any CPU
		{6CB42457-A2B1-4472-846E-1AB760B3226B}.Release|x86.ActiveCfg = Release|x86
		{6CB42457-A2B1-4472-846E-1AB760B3226B}.Release|x86.Build.0 = Release|x86
	EndGlobalSection
	GlobalSection(SolutionProperties) = preSolution
		HideSolutionNode = FALSE
	EndGlobalSection
	GlobalSection(ExtensibilityGlobals) = postSolution
		SolutionGuid = {A9E7E855-5B86-491F-9D97-BC802B00C82F}
	EndGlobalSection
EndGlobal
